// !$*UTF8*$!
{
	archiveVersion = 1;
	classes = {
	};
	objectVersion = 48;
	objects = {

/* Begin PBXBuildFile section */
		852559A21FBDB1D600F1820C /* AppDelegate.swift in Sources */ = {isa = PBXBuildFile; fileRef = 852559A11FBDB1D600F1820C /* AppDelegate.swift */; };
		852559A41FBDB1D600F1820C /* ViewController.swift in Sources */ = {isa = PBXBuildFile; fileRef = 852559A31FBDB1D600F1820C /* ViewController.swift */; };
		852559A71FBDB1D600F1820C /* Main.storyboard in Resources */ = {isa = PBXBuildFile; fileRef = 852559A51FBDB1D600F1820C /* Main.storyboard */; };
		852559A91FBDB1D600F1820C /* Assets.xcassets in Resources */ = {isa = PBXBuildFile; fileRef = 852559A81FBDB1D600F1820C /* Assets.xcassets */; };
		852559AC1FBDB1D600F1820C /* LaunchScreen.storyboard in Resources */ = {isa = PBXBuildFile; fileRef = 852559AA1FBDB1D600F1820C /* LaunchScreen.storyboard */; };
		852559B41FBDC53000F1820C /* Game.swift in Sources */ = {isa = PBXBuildFile; fileRef = 852559B31FBDC53000F1820C /* Game.swift */; };
/* End PBXBuildFile section */

/* Begin PBXFileReference section */
		8525599E1FBDB1D600F1820C /* ApplePie2.app */ = {isa = PBXFileReference; explicitFileType = wrapper.application; includeInIndex = 0; path = ApplePie2.app; sourceTree = BUILT_PRODUCTS_DIR; };
		852559A11FBDB1D600F1820C /* AppDelegate.swift */ = {isa = PBXFileReference; lastKnownFileType = sourcecode.swift; path = AppDelegate.swift; sourceTree = "<group>"; };
		852559A31FBDB1D600F1820C /* ViewController.swift */ = {isa = PBXFileReference; lastKnownFileType = sourcecode.swift; path = ViewController.swift; sourceTree = "<group>"; };
		852559A61FBDB1D600F1820C /* Base */ = {isa = PBXFileReference; lastKnownFileType = file.storyboard; name = Base; path = Base.lproj/Main.storyboard; sourceTree = "<group>"; };
		852559A81FBDB1D600F1820C /* Assets.xcassets */ = {isa = PBXFileReference; lastKnownFileType = folder.assetcatalog; path = Assets.xcassets; sourceTree = "<group>"; };
		852559AB1FBDB1D600F1820C /* Base */ = {isa = PBXFileReference; lastKnownFileType = file.storyboard; name = Base; path = Base.lproj/LaunchScreen.storyboard; sourceTree = "<group>"; };
		852559AD1FBDB1D600F1820C /* Info.plist */ = {isa = PBXFileReference; lastKnownFileType = text.plist.xml; path = Info.plist; sourceTree = "<group>"; };
		852559B31FBDC53000F1820C /* Game.swift */ = {isa = PBXFileReference; lastKnownFileType = sourcecode.swift; path = Game.swift; sourceTree = "<group>"; };
/* End PBXFileReference section */

/* Begin PBXFrameworksBuildPhase section */
		8525599B1FBDB1D600F1820C /* Frameworks */ = {
			isa = PBXFrameworksBuildPhase;
			buildActionMask = 2147483647;
			files = (
			);
			runOnlyForDeploymentPostprocessing = 0;
		};
/* End PBXFrameworksBuildPhase section */

/* Begin PBXGroup section */
		852559951FBDB1D600F1820C = {
			isa = PBXGroup;
			children = (
				852559A01FBDB1D600F1820C /* ApplePie2 */,
				8525599F1FBDB1D600F1820C /* Products */,
			);
			sourceTree = "<group>";
		};
		8525599F1FBDB1D600F1820C /* Products */ = {
			isa = PBXGroup;
			children = (
				8525599E1FBDB1D600F1820C /* ApplePie2.app */,
			);
			name = Products;
			sourceTree = "<group>";
		};
		852559A01FBDB1D600F1820C /* ApplePie2 */ = {
			isa = PBXGroup;
			children = (
				852559A11FBDB1D600F1820C /* AppDelegate.swift */,
				852559A31FBDB1D600F1820C /* ViewController.swift */,
				852559B31FBDC53000F1820C /* Game.swift */,
				852559A51FBDB1D600F1820C /* Main.storyboard */,
				852559A81FBDB1D600F1820C /* Assets.xcassets */,
				852559AA1FBDB1D600F1820C /* LaunchScreen.storyboard */,
				852559AD1FBDB1D600F1820C /* Info.plist */,
			);
			path = ApplePie2;
			sourceTree = "<group>";
		};
/* End PBXGroup section */

/* Begin PBXNativeTarget section */
		8525599D1FBDB1D600F1820C /* ApplePie2 */ = {
			isa = PBXNativeTarget;
			buildConfigurationList = 852559B01FBDB1D600F1820C /* Build configuration list for PBXNativeTarget "ApplePie2" */;
			buildPhases = (
				8525599A1FBDB1D600F1820C /* Sources */,
				8525599B1FBDB1D600F1820C /* Frameworks */,
				8525599C1FBDB1D600F1820C /* Resources */,
			);
			buildRules = (
			);
			dependencies = (
			);
			name = ApplePie2;
			productName = ApplePie2;
			productReference = 8525599E1FBDB1D600F1820C /* ApplePie2.app */;
			productType = "com.apple.product-type.application";
		};
/* End PBXNativeTarget section */

/* Begin PBXProject section */
		852559961FBDB1D600F1820C /* Project object */ = {
			isa = PBXProject;
			attributes = {
				LastSwiftUpdateCheck = 0910;
				LastUpgradeCheck = 0910;
				ORGANIZATIONNAME = Developer.Institute;
				TargetAttributes = {
					8525599D1FBDB1D600F1820C = {
						CreatedOnToolsVersion = 9.1;
						ProvisioningStyle = Automatic;
					};
				};
			};
			buildConfigurationList = 852559991FBDB1D600F1820C /* Build configuration list for PBXProject "ApplePie2" */;
			compatibilityVersion = "Xcode 8.0";
			developmentRegion = en;
			hasScannedForEncodings = 0;
			knownRegions = (
				en,
				Base,
			);
			mainGroup = 852559951FBDB1D600F1820C;
			productRefGroup = 8525599F1FBDB1D600F1820C /* Products */;
			projectDirPath = "";
			projectRoot = "";
			targets = (
				8525599D1FBDB1D600F1820C /* ApplePie2 */,
			);
		};
/* End PBXProject section */

/* Begin PBXResourcesBuildPhase section */
		8525599C1FBDB1D600F1820C /* Resources */ = {
			isa = PBXResourcesBuildPhase;
			buildActionMask = 2147483647;
			files = (
				852559AC1FBDB1D600F1820C /* LaunchScreen.storyboard in Resources */,
				852559A91FBDB1D600F1820C /* Assets.xcassets in Resources */,
				852559A71FBDB1D600F1820C /* Main.storyboard in Resources */,
			);
			runOnlyForDeploymentPostprocessing = 0;
		};
/* End PBXResourcesBuildPhase section */

/* Begin PBXSourcesBuildPhase section */
		8525599A1FBDB1D600F1820C /* Sources */ = {
			isa = PBXSourcesBuildPhase;
			buildActionMask = 2147483647;
			files = (
				852559A41FBDB1D600F1820C /* ViewController.swift in Sources */,
				852559B41FBDC53000F1820C /* Game.swift in Sources */,
				852559A21FBDB1D600F1820C /* AppDelegate.swift in Sources */,
			);
			runOnlyForDeploymentPostprocessing = 0;
		};
/* End PBXSourcesBuildPhase section */

/* Begin PBXVariantGroup section */
		852559A51FBDB1D600F1820C /* Main.storyboard */ = {
			isa = PBXVariantGroup;
			children = (
				852559A61FBDB1D600F1820C /* Base */,
			);
			name = Main.storyboard;
			sourceTree = "<group>";
		};
		852559AA1FBDB1D600F1820C /* LaunchScreen.storyboard */ = {
			isa = PBXVariantGroup;
			children = (
				852559AB1FBDB1D600F1820C /* Base */,
			);
			name = LaunchScreen.storyboard;
			sourceTree = "<group>";
		};
/* End PBXVariantGroup section */

/* Begin XCBuildConfiguration section */
		852559AE1FBDB1D600F1820C /* Debug */ = {
			isa = XCBuildConfiguration;
			buildSettings = {
				ALWAYS_SEARCH_USER_PATHS = NO;
				CLANG_ANALYZER_NONNULL = YES;
				CLANG_ANALYZER_NUMBER_OBJECT_CONVERSION = YES_AGGRESSIVE;
				CLANG_CXX_LANGUAGE_STANDARD = "gnu++14";
				CLANG_CXX_LIBRARY = "libc++";
				CLANG_ENABLE_MODULES = YES;
				CLANG_ENABLE_OBJC_ARC = YES;
				CLANG_WARN_BLOCK_CAPTURE_AUTORELEASING = YES;
				CLANG_WARN_BOOL_CONVERSION = YES;
				CLANG_WARN_COMMA = YES;
				CLANG_WARN_CONSTANT_CONVERSION = YES;
				CLANG_WARN_DIRECT_OBJC_ISA_USAGE = YES_ERROR;
				CLANG_WARN_DOCUMENTATION_COMMENTS = YES;
				CLANG_WARN_EMPTY_BODY = YES;
				CLANG_WARN_ENUM_CONVERSION = YES;
				CLANG_WARN_INFINITE_RECURSION = YES;
				CLANG_WARN_INT_CONVERSION = YES;
				CLANG_WARN_NON_LITERAL_NULL_CONVERSION = YES;
				CLANG_WARN_OBJC_LITERAL_CONVERSION = YES;
				CLANG_WARN_OBJC_ROOT_CLASS = YES_ERROR;
				CLANG_WARN_RANGE_LOOP_ANALYSIS = YES;
				CLANG_WARN_STRICT_PROTOTYPES = YES;
				CLANG_WARN_SUSPICIOUS_MOVE = YES;
				CLANG_WARN_UNGUARDED_AVAILABILITY = YES_AGGRESSIVE;
				CLANG_WARN_UNREACHABLE_CODE = YES;
				CLANG_WARN__DUPLICATE_METHOD_MATCH = YES;
				CODE_SIGN_IDENTITY = "iPhone Developer";
				COPY_PHASE_STRIP = NO;
				DEBUG_INFORMATION_FORMAT = dwarf;
				ENABLE_STRICT_OBJC_MSGSEND = YES;
				ENABLE_TESTABILITY = YES;
				GCC_C_LANGUAGE_STANDARD = gnu11;
				GCC_DYNAMIC_NO_PIC = NO;
				GCC_NO_COMMON_BLOCKS = YES;
				GCC_OPTIMIZATION_LEVEL = 0;
				GCC_PREPROCESSOR_DEFINITIONS = (
					"DEBUG=1",
					"$(inherited)",
				);
				GCC_WARN_64_TO_32_BIT_CONVERSION = YES;
				GCC_WARN_ABOUT_RETURN_TYPE = YES_ERROR;
				GCC_WARN_UNDECLARED_SELECTOR = YES;
				GCC_WARN_UNINITIALIZED_AUTOS = YES_AGGRESSIVE;
				GCC_WARN_UNUSED_FUNCTION = YES;
				GCC_WARN_UNUSED_VARIABLE = YES;
				IPHONEOS_DEPLOYMENT_TARGET = 11.1;
				MTL_ENABLE_DEBUG_INFO = YES;
				ONLY_ACTIVE_ARCH = YES;
				SDKROOT = iphoneos;
				SWIFT_ACTIVE_COMPILATION_CONDITIONS = DEBUG;
				SWIFT_OPTIMIZATION_LEVEL = "-Onone";
			};
			name = Debug;
		};
		852559AF1FBDB1D600F1820C /* Release */ = {
			isa = XCBuildConfiguration;
			buildSettings = {
				ALWAYS_SEARCH_USER_PATHS = NO;
				CLANG_ANALYZER_NONNULL = YES;
				CLANG_ANALYZER_NUMBER_OBJECT_CONVERSION = YES_AGGRESSIVE;
				CLANG_CXX_LANGUAGE_STANDARD = "gnu++14";
				CLANG_CXX_LIBRARY = "libc++";
				CLANG_ENABLE_MODULES = YES;
				CLANG_ENABLE_OBJC_ARC = YES;
				CLANG_WARN_BLOCK_CAPTURE_AUTORELEASING = YES;
				CLANG_WARN_BOOL_CONVERSION = YES;
				CLANG_WARN_COMMA = YES;
				CLANG_WARN_CONSTANT_CONVERSION = YES;
				CLANG_WARN_DIRECT_OBJC_ISA_USAGE = YES_ERROR;
				CLANG_WARN_DOCUMENTATION_COMMENTS = YES;
				CLANG_WARN_EMPTY_BODY = YES;
				CLANG_WARN_ENUM_CONVERSION = YES;
				CLANG_WARN_INFINITE_RECURSION = YES;
				CLANG_WARN_INT_CONVERSION = YES;
				CLANG_WARN_NON_LITERAL_NULL_CONVERSION = YES;
				CLANG_WARN_OBJC_LITERAL_CONVERSION = YES;
				CLANG_WARN_OBJC_ROOT_CLASS = YES_ERROR;
				CLANG_WARN_RANGE_LOOP_ANALYSIS = YES;
				CLANG_WARN_STRICT_PROTOTYPES = YES;
				CLANG_WARN_SUSPICIOUS_MOVE = YES;
				CLANG_WARN_UNGUARDED_AVAILABILITY = YES_AGGRESSIVE;
				CLANG_WARN_UNREACHABLE_CODE = YES;
				CLANG_WARN__DUPLICATE_METHOD_MATCH = YES;
				CODE_SIGN_IDENTITY = "iPhone Developer";
				COPY_PHASE_STRIP = NO;
				DEBUG_INFORMATION_FORMAT = "dwarf-with-dsym";
				ENABLE_NS_ASSERTIONS = NO;
				ENABLE_STRICT_OBJC_MSGSEND = YES;
				GCC_C_LANGUAGE_STANDARD = gnu11;
				GCC_NO_COMMON_BLOCKS = YES;
				GCC_WARN_64_TO_32_BIT_CONVERSION = YES;
				GCC_WARN_ABOUT_RETURN_TYPE = YES_ERROR;
				GCC_WARN_UNDECLARED_SELECTOR = YES;
				GCC_WARN_UNINITIALIZED_AUTOS = YES_AGGRESSIVE;
				GCC_WARN_UNUSED_FUNCTION = YES;
				GCC_WARN_UNUSED_VARIABLE = YES;
				IPHONEOS_DEPLOYMENT_TARGET = 11.1;
				MTL_ENABLE_DEBUG_INFO = NO;
				SDKROOT = iphoneos;
				SWIFT_OPTIMIZATION_LEVEL = "-Owholemodule";
				VALIDATE_PRODUCT = YES;
			};
			name = Release;
		};
		852559B11FBDB1D600F1820C /* Debug */ = {
			isa = XCBuildConfiguration;
			buildSettings = {
				ASSETCATALOG_COMPILER_APPICON_NAME = AppIcon;
				CODE_SIGN_STYLE = Automatic;
				INFOPLIST_FILE = ApplePie2/Info.plist;
				LD_RUNPATH_SEARCH_PATHS = "$(inherited) @executable_path/Frameworks";
				PRODUCT_BUNDLE_IDENTIFIER = Institute.developer.ApplePie2;
				PRODUCT_NAME = "$(TARGET_NAME)";
				SWIFT_VERSION = 4.0;
				TARGETED_DEVICE_FAMILY = 2;
			};
			name = Debug;
		};
		852559B21FBDB1D600F1820C /* Release */ = {
			isa = XCBuildConfiguration;
			buildSettings = {
				ASSETCATALOG_COMPILER_APPICON_NAME = AppIcon;
				CODE_SIGN_STYLE = Automatic;
				INFOPLIST_FILE = ApplePie2/Info.plist;
				LD_RUNPATH_SEARCH_PATHS = "$(inherited) @executable_path/Frameworks";
				PRODUCT_BUNDLE_IDENTIFIER = Institute.developer.ApplePie2;
				PRODUCT_NAME = "$(TARGET_NAME)";
				SWIFT_VERSION = 4.0;
				TARGETED_DEVICE_FAMILY = 2;
			};
			name = Release;
		};
/* End XCBuildConfiguration section */

/* Begin XCConfigurationList section */
		852559991FBDB1D600F1820C /* Build configuration list for PBXProject "ApplePie2" */ = {
			isa = XCConfigurationList;
			buildConfigurations = (
				852559AE1FBDB1D600F1820C /* Debug */,
				852559AF1FBDB1D600F1820C /* Release */,
			);
			defaultConfigurationIsVisible = 0;
			defaultConfigurationName = Release;
		};
		852559B01FBDB1D600F1820C /* Build configuration list for PBXNativeTarget "ApplePie2" */ = {
			isa = XCConfigurationList;
			buildConfigurations = (
				852559B11FBDB1D600F1820C /* Debug */,
				852559B21FBDB1D600F1820C /* Release */,
			);
			defaultConfigurationIsVisible = 0;
			defaultConfigurationName = Release;
		};
/* End XCConfigurationList section */
	};
	rootObject = 852559961FBDB1D600F1820C /* Project object */;
}
